
Microsoft Visual Studio Solution File, Format Version 12.00
# Visual Studio Version 16
VisualStudioVersion = 16.0.30611.23
MinimumVisualStudioVersion = 10.0.40219.1
Project("{FAE04EC0-301F-11D3-BF4B-00C04F79EFBC}") = "MyQuasarApp", "MyQuasarApp\MyQuasarApp.csproj", "{C097B41A-CFDB-485C-B0E9-B55E3A4B4C91}"
EndProject
Global
	GlobalSection(SolutionConfigurationPlatforms) = preSolution
		Debug|Any CPU = Debug|Any CPU
		Release|Any CPU = Release|Any CPU
	EndGlobalSection
	GlobalSection(ProjectConfigurationPlatforms) = postSolution
		{C097B41A-CFDB-485C-B0E9-B55E3A4B4C91}.Debug|Any CPU.ActiveCfg = Debug|Any CPU
		{C097B41A-CFDB-485C-B0E9-B55E3A4B4C91}.Debug|Any CPU.Build.0 = Debug|Any CPU
		{C097B41A-CFDB-485C-B0E9-B55E3A4B4C91}.Release|Any CPU.ActiveCfg = Release|Any CPU
		{C097B41A-CFDB-485C-B0E9-B55E3A4B4C91}.Release|Any CPU.Build.0 = Release|Any CPU
	EndGlobalSection
	GlobalSection(SolutionProperties) = preSolution
		HideSolutionNode = FALSE
	EndGlobalSection
	GlobalSection(ExtensibilityGlobals) = postSolution
		SolutionGuid = {22796EB6-274E-404B-B7F9-5D0C90454EE1}
	EndGlobalSection
EndGlobal
